// !$*UTF8*$!
{
	archiveVersion = 1;
	classes = {
	};
	objectVersion = 50;
	objects = {

/* Begin PBXBuildFile section */
		17673FFA22F7FB8B009278B0 /* AppDelegate.m in Sources */ = {isa = PBXBuildFile; fileRef = 17673FF922F7FB8B009278B0 /* AppDelegate.m */; };
		17673FFD22F7FB8B009278B0 /* ViewController.m in Sources */ = {isa = PBXBuildFile; fileRef = 17673FFC22F7FB8B009278B0 /* ViewController.m */; };
		1767400022F7FB8B009278B0 /* Main.storyboard in Resources */ = {isa = PBXBuildFile; fileRef = 17673FFE22F7FB8B009278B0 /* Main.storyboard */; };
		1767400222F7FB8C009278B0 /* Assets.xcassets in Resources */ = {isa = PBXBuildFile; fileRef = 1767400122F7FB8C009278B0 /* Assets.xcassets */; };
		1767400522F7FB8C009278B0 /* LaunchScreen.storyboard in Resources */ = {isa = PBXBuildFile; fileRef = 1767400322F7FB8C009278B0 /* LaunchScreen.storyboard */; };
		1767400822F7FB8C009278B0 /* main.m in Sources */ = {isa = PBXBuildFile; fileRef = 1767400722F7FB8C009278B0 /* main.m */; };
		1767401222F7FB8C009278B0 /* MapKit_baseTests.m in Sources */ = {isa = PBXBuildFile; fileRef = 1767401122F7FB8C009278B0 /* MapKit_baseTests.m */; };
		1767401D22F7FB8C009278B0 /* MapKit_baseUITests.m in Sources */ = {isa = PBXBuildFile; fileRef = 1767401C22F7FB8C009278B0 /* MapKit_baseUITests.m */; };
		1767402C22F7FB9F009278B0 /* MapKit.framework in Frameworks */ = {isa = PBXBuildFile; fileRef = 1767402B22F7FB9F009278B0 /* MapKit.framework */; };
/* End PBXBuildFile section */

/* Begin PBXContainerItemProxy section */
		1767400E22F7FB8C009278B0 /* PBXContainerItemProxy */ = {
			isa = PBXContainerItemProxy;
			containerPortal = 17673FED22F7FB8B009278B0 /* Project object */;
			proxyType = 1;
			remoteGlobalIDString = 17673FF422F7FB8B009278B0;
			remoteInfo = MapKit_base;
		};
		1767401922F7FB8C009278B0 /* PBXContainerItemProxy */ = {
			isa = PBXContainerItemProxy;
			containerPortal = 17673FED22F7FB8B009278B0 /* Project object */;
			proxyType = 1;
			remoteGlobalIDString = 17673FF422F7FB8B009278B0;
			remoteInfo = MapKit_base;
		};
/* End PBXContainerItemProxy section */

/* Begin PBXFileReference section */
		17673FF522F7FB8B009278B0 /* MapKit_base.app */ = {isa = PBXFileReference; explicitFileType = wrapper.application; includeInIndex = 0; path = MapKit_base.app; sourceTree = BUILT_PRODUCTS_DIR; };
		17673FF822F7FB8B009278B0 /* AppDelegate.h */ = {isa = PBXFileReference; lastKnownFileType = sourcecode.c.h; path = AppDelegate.h; sourceTree = "<group>"; };
		17673FF922F7FB8B009278B0 /* AppDelegate.m */ = {isa = PBXFileReference; lastKnownFileType = sourcecode.c.objc; path = AppDelegate.m; sourceTree = "<group>"; };
		17673FFB22F7FB8B009278B0 /* ViewController.h */ = {isa = PBXFileReference; lastKnownFileType = sourcecode.c.h; path = ViewController.h; sourceTree = "<group>"; };
		17673FFC22F7FB8B009278B0 /* ViewController.m */ = {isa = PBXFileReference; lastKnownFileType = sourcecode.c.objc; path = ViewController.m; sourceTree = "<group>"; };
		17673FFF22F7FB8B009278B0 /* Base */ = {isa = PBXFileReference; lastKnownFileType = file.storyboard; name = Base; path = Base.lproj/Main.storyboard; sourceTree = "<group>"; };
		1767400122F7FB8C009278B0 /* Assets.xcassets */ = {isa = PBXFileReference; lastKnownFileType = folder.assetcatalog; path = Assets.xcassets; sourceTree = "<group>"; };
		1767400422F7FB8C009278B0 /* Base */ = {isa = PBXFileReference; lastKnownFileType = file.storyboard; name = Base; path = Base.lproj/LaunchScreen.storyboard; sourceTree = "<group>"; };
		1767400622F7FB8C009278B0 /* Info.plist */ = {isa = PBXFileReference; lastKnownFileType = text.plist.xml; path = Info.plist; sourceTree = "<group>"; };
		1767400722F7FB8C009278B0 /* main.m */ = {isa = PBXFileReference; lastKnownFileType = sourcecode.c.objc; path = main.m; sourceTree = "<group>"; };
		1767400D22F7FB8C009278B0 /* MapKit_baseTests.xctest */ = {isa = PBXFileReference; explicitFileType = wrapper.cfbundle; includeInIndex = 0; path = MapKit_baseTests.xctest; sourceTree = BUILT_PRODUCTS_DIR; };
		1767401122F7FB8C009278B0 /* MapKit_baseTests.m */ = {isa = PBXFileReference; lastKnownFileType = sourcecode.c.objc; path = MapKit_baseTests.m; sourceTree = "<group>"; };
		1767401322F7FB8C009278B0 /* Info.plist */ = {isa = PBXFileReference; lastKnownFileType = text.plist.xml; path = Info.plist; sourceTree = "<group>"; };
		1767401822F7FB8C009278B0 /* MapKit_baseUITests.xctest */ = {isa = PBXFileReference; explicitFileType = wrapper.cfbundle; includeInIndex = 0; path = MapKit_baseUITests.xctest; sourceTree = BUILT_PRODUCTS_DIR; };
		1767401C22F7FB8C009278B0 /* MapKit_baseUITests.m */ = {isa = PBXFileReference; lastKnownFileType = sourcecode.c.objc; path = MapKit_baseUITests.m; sourceTree = "<group>"; };
		1767401E22F7FB8C009278B0 /* Info.plist */ = {isa = PBXFileReference; lastKnownFileType = text.plist.xml; path = Info.plist; sourceTree = "<group>"; };
		1767402B22F7FB9F009278B0 /* MapKit.framework */ = {isa = PBXFileReference; lastKnownFileType = wrapper.framework; name = MapKit.framework; path = System/Library/Frameworks/MapKit.framework; sourceTree = SDKROOT; };
/* End PBXFileReference section */

/* Begin PBXFrameworksBuildPhase section */
		17673FF222F7FB8B009278B0 /* Frameworks */ = {
			isa = PBXFrameworksBuildPhase;
			buildActionMask = 2147483647;
			files = (
				1767402C22F7FB9F009278B0 /* MapKit.framework in Frameworks */,
			);
			runOnlyForDeploymentPostprocessing = 0;
		};
		1767400A22F7FB8C009278B0 /* Frameworks */ = {
			isa = PBXFrameworksBuildPhase;
			buildActionMask = 2147483647;
			files = (
			);
			runOnlyForDeploymentPostprocessing = 0;
		};
		1767401522F7FB8C009278B0 /* Frameworks */ = {
			isa = PBXFrameworksBuildPhase;
			buildActionMask = 2147483647;
			files = (
			);
			runOnlyForDeploymentPostprocessing = 0;
		};
/* End PBXFrameworksBuildPhase section */

/* Begin PBXGroup section */
		17673FEC22F7FB8B009278B0 = {
			isa = PBXGroup;
			children = (
				17673FF722F7FB8B009278B0 /* MapKit_base */,
				1767401022F7FB8C009278B0 /* MapKit_baseTests */,
				1767401B22F7FB8C009278B0 /* MapKit_baseUITests */,
				17673FF622F7FB8B009278B0 /* Products */,
				1767402A22F7FB9F009278B0 /* Frameworks */,
			);
			sourceTree = "<group>";
		};
		17673FF622F7FB8B009278B0 /* Products */ = {
			isa = PBXGroup;
			children = (
				17673FF522F7FB8B009278B0 /* MapKit_base.app */,
				1767400D22F7FB8C009278B0 /* MapKit_baseTests.xctest */,
				1767401822F7FB8C009278B0 /* MapKit_baseUITests.xctest */,
			);
			name = Products;
			sourceTree = "<group>";
		};
		17673FF722F7FB8B009278B0 /* MapKit_base */ = {
			isa = PBXGroup;
			children = (
				17673FF822F7FB8B009278B0 /* AppDelegate.h */,
				17673FF922F7FB8B009278B0 /* AppDelegate.m */,
				17673FFB22F7FB8B009278B0 /* ViewController.h */,
				17673FFC22F7FB8B009278B0 /* ViewController.m */,
				17673FFE22F7FB8B009278B0 /* Main.storyboard */,
				1767400122F7FB8C009278B0 /* Assets.xcassets */,
				1767400322F7FB8C009278B0 /* LaunchScreen.storyboard */,
				1767400622F7FB8C009278B0 /* Info.plist */,
				1767400722F7FB8C009278B0 /* main.m */,
			);
			path = MapKit_base;
			sourceTree = "<group>";
		};
		1767401022F7FB8C009278B0 /* MapKit_baseTests */ = {
			isa = PBXGroup;
			children = (
				1767401122F7FB8C009278B0 /* MapKit_baseTests.m */,
				1767401322F7FB8C009278B0 /* Info.plist */,
			);
			path = MapKit_baseTests;
			sourceTree = "<group>";
		};
		1767401B22F7FB8C009278B0 /* MapKit_baseUITests */ = {
			isa = PBXGroup;
			children = (
				1767401C22F7FB8C009278B0 /* MapKit_baseUITests.m */,
				1767401E22F7FB8C009278B0 /* Info.plist */,
			);
			path = MapKit_baseUITests;
			sourceTree = "<group>";
		};
		1767402A22F7FB9F009278B0 /* Frameworks */ = {
			isa = PBXGroup;
			children = (
				1767402B22F7FB9F009278B0 /* MapKit.framework */,
			);
			name = Frameworks;
			sourceTree = "<group>";
		};
/* End PBXGroup section */

/* Begin PBXNativeTarget section */
		17673FF422F7FB8B009278B0 /* MapKit_base */ = {
			isa = PBXNativeTarget;
			buildConfigurationList = 1767402122F7FB8C009278B0 /* Build configuration list for PBXNativeTarget "MapKit_base" */;
			buildPhases = (
				17673FF122F7FB8B009278B0 /* Sources */,
				17673FF222F7FB8B009278B0 /* Frameworks */,
				17673FF322F7FB8B009278B0 /* Resources */,
			);
			buildRules = (
			);
			dependencies = (
			);
			name = MapKit_base;
			productName = MapKit_base;
			productReference = 17673FF522F7FB8B009278B0 /* MapKit_base.app */;
			productType = "com.apple.product-type.application";
		};
		1767400C22F7FB8C009278B0 /* MapKit_baseTests */ = {
			isa = PBXNativeTarget;
			buildConfigurationList = 1767402422F7FB8C009278B0 /* Build configuration list for PBXNativeTarget "MapKit_baseTests" */;
			buildPhases = (
				1767400922F7FB8C009278B0 /* Sources */,
				1767400A22F7FB8C009278B0 /* Frameworks */,
				1767400B22F7FB8C009278B0 /* Resources */,
			);
			buildRules = (
			);
			dependencies = (
				1767400F22F7FB8C009278B0 /* PBXTargetDependency */,
			);
			name = MapKit_baseTests;
			productName = MapKit_baseTests;
			productReference = 1767400D22F7FB8C009278B0 /* MapKit_baseTests.xctest */;
			productType = "com.apple.product-type.bundle.unit-test";
		};
		1767401722F7FB8C009278B0 /* MapKit_baseUITests */ = {
			isa = PBXNativeTarget;
			buildConfigurationList = 1767402722F7FB8C009278B0 /* Build configuration list for PBXNativeTarget "MapKit_baseUITests" */;
			buildPhases = (
				1767401422F7FB8C009278B0 /* Sources */,
				1767401522F7FB8C009278B0 /* Frameworks */,
				1767401622F7FB8C009278B0 /* Resources */,
			);
			buildRules = (
			);
			dependencies = (
				1767401A22F7FB8C009278B0 /* PBXTargetDependency */,
			);
			name = MapKit_baseUITests;
			productName = MapKit_baseUITests;
			productReference = 1767401822F7FB8C009278B0 /* MapKit_baseUITests.xctest */;
			productType = "com.apple.product-type.bundle.ui-testing";
		};
/* End PBXNativeTarget section */

/* Begin PBXProject section */
		17673FED22F7FB8B009278B0 /* Project object */ = {
			isa = PBXProject;
			attributes = {
				LastUpgradeCheck = 1010;
				ORGANIZATIONNAME = Shae;
				TargetAttributes = {
					17673FF422F7FB8B009278B0 = {
						CreatedOnToolsVersion = 10.1;
					};
					1767400C22F7FB8C009278B0 = {
						CreatedOnToolsVersion = 10.1;
						TestTargetID = 17673FF422F7FB8B009278B0;
					};
					1767401722F7FB8C009278B0 = {
						CreatedOnToolsVersion = 10.1;
						TestTargetID = 17673FF422F7FB8B009278B0;
					};
				};
			};
			buildConfigurationList = 17673FF022F7FB8B009278B0 /* Build configuration list for PBXProject "MapKit_base" */;
			compatibilityVersion = "Xcode 9.3";
			developmentRegion = en;
			hasScannedForEncodings = 0;
			knownRegions = (
				en,
				Base,
			);
			mainGroup = 17673FEC22F7FB8B009278B0;
			productRefGroup = 17673FF622F7FB8B009278B0 /* Products */;
			projectDirPath = "";
			projectRoot = "";
			targets = (
				17673FF422F7FB8B009278B0 /* MapKit_base */,
				1767400C22F7FB8C009278B0 /* MapKit_baseTests */,
				1767401722F7FB8C009278B0 /* MapKit_baseUITests */,
			);
		};
/* End PBXProject section */

/* Begin PBXResourcesBuildPhase section */
		17673FF322F7FB8B009278B0 /* Resources */ = {
			isa = PBXResourcesBuildPhase;
			buildActionMask = 2147483647;
			files = (
				1767400522F7FB8C009278B0 /* LaunchScreen.storyboard in Resources */,
				1767400222F7FB8C009278B0 /* Assets.xcassets in Resources */,
				1767400022F7FB8B009278B0 /* Main.storyboard in Resources */,
			);
			runOnlyForDeploymentPostprocessing = 0;
		};
		1767400B22F7FB8C009278B0 /* Resources */ = {
			isa = PBXResourcesBuildPhase;
			buildActionMask = 2147483647;
			files = (
			);
			runOnlyForDeploymentPostprocessing = 0;
		};
		1767401622F7FB8C009278B0 /* Resources */ = {
			isa = PBXResourcesBuildPhase;
			buildActionMask = 2147483647;
			files = (
			);
			runOnlyForDeploymentPostprocessing = 0;
		};
/* End PBXResourcesBuildPhase section */

/* Begin PBXSourcesBuildPhase section */
		17673FF122F7FB8B009278B0 /* Sources */ = {
			isa = PBXSourcesBuildPhase;
			buildActionMask = 2147483647;
			files = (
				17673FFD22F7FB8B009278B0 /* ViewController.m in Sources */,
				1767400822F7FB8C009278B0 /* main.m in Sources */,
				17673FFA22F7FB8B009278B0 /* AppDelegate.m in Sources */,
			);
			runOnlyForDeploymentPostprocessing = 0;
		};
		1767400922F7FB8C009278B0 /* Sources */ = {
			isa = PBXSourcesBuildPhase;
			buildActionMask = 2147483647;
			files = (
				1767401222F7FB8C009278B0 /* MapKit_baseTests.m in Sources */,
			);
			runOnlyForDeploymentPostprocessing = 0;
		};
		1767401422F7FB8C009278B0 /* Sources */ = {
			isa = PBXSourcesBuildPhase;
			buildActionMask = 2147483647;
			files = (
				1767401D22F7FB8C009278B0 /* MapKit_baseUITests.m in Sources */,
			);
			runOnlyForDeploymentPostprocessing = 0;
		};
/* End PBXSourcesBuildPhase section */

/* Begin PBXTargetDependency section */
		1767400F22F7FB8C009278B0 /* PBXTargetDependency */ = {
			isa = PBXTargetDependency;
			target = 17673FF422F7FB8B009278B0 /* MapKit_base */;
			targetProxy = 1767400E22F7FB8C009278B0 /* PBXContainerItemProxy */;
		};
		1767401A22F7FB8C009278B0 /* PBXTargetDependency */ = {
			isa = PBXTargetDependency;
			target = 17673FF422F7FB8B009278B0 /* MapKit_base */;
			targetProxy = 1767401922F7FB8C009278B0 /* PBXContainerItemProxy */;
		};
/* End PBXTargetDependency section */

/* Begin PBXVariantGroup section */
		17673FFE22F7FB8B009278B0 /* Main.storyboard */ = {
			isa = PBXVariantGroup;
			children = (
				17673FFF22F7FB8B009278B0 /* Base */,
			);
			name = Main.storyboard;
			sourceTree = "<group>";
		};
		1767400322F7FB8C009278B0 /* LaunchScreen.storyboard */ = {
			isa = PBXVariantGroup;
			children = (
				1767400422F7FB8C009278B0 /* Base */,
			);
			name = LaunchScreen.storyboard;
			sourceTree = "<group>";
		};
/* End PBXVariantGroup section */

/* Begin XCBuildConfiguration section */
		1767401F22F7FB8C009278B0 /* Debug */ = {
			isa = XCBuildConfiguration;
			buildSettings = {
				ALWAYS_SEARCH_USER_PATHS = NO;
				CLANG_ANALYZER_NONNULL = YES;
				CLANG_ANALYZER_NUMBER_OBJECT_CONVERSION = YES_AGGRESSIVE;
				CLANG_CXX_LANGUAGE_STANDARD = "gnu++14";
				CLANG_CXX_LIBRARY = "libc++";
				CLANG_ENABLE_MODULES = YES;
				CLANG_ENABLE_OBJC_ARC = YES;
				CLANG_ENABLE_OBJC_WEAK = YES;
				CLANG_WARN_BLOCK_CAPTURE_AUTORELEASING = YES;
				CLANG_WARN_BOOL_CONVERSION = YES;
				CLANG_WARN_COMMA = YES;
				CLANG_WARN_CONSTANT_CONVERSION = YES;
				CLANG_WARN_DEPRECATED_OBJC_IMPLEMENTATIONS = YES;
				CLANG_WARN_DIRECT_OBJC_ISA_USAGE = YES_ERROR;
				CLANG_WARN_DOCUMENTATION_COMMENTS = YES;
				CLANG_WARN_EMPTY_BODY = YES;
				CLANG_WARN_ENUM_CONVERSION = YES;
				CLANG_WARN_INFINITE_RECURSION = YES;
				CLANG_WARN_INT_CONVERSION = YES;
				CLANG_WARN_NON_LITERAL_NULL_CONVERSION = YES;
				CLANG_WARN_OBJC_IMPLICIT_RETAIN_SELF = YES;
				CLANG_WARN_OBJC_LITERAL_CONVERSION = YES;
				CLANG_WARN_OBJC_ROOT_CLASS = YES_ERROR;
				CLANG_WARN_RANGE_LOOP_ANALYSIS = YES;
				CLANG_WARN_STRICT_PROTOTYPES = YES;
				CLANG_WARN_SUSPICIOUS_MOVE = YES;
				CLANG_WARN_UNGUARDED_AVAILABILITY = YES_AGGRESSIVE;
				CLANG_WARN_UNREACHABLE_CODE = YES;
				CLANG_WARN__DUPLICATE_METHOD_MATCH = YES;
				CODE_SIGN_IDENTITY = "iPhone Developer";
				COPY_PHASE_STRIP = NO;
				DEBUG_INFORMATION_FORMAT = dwarf;
				ENABLE_STRICT_OBJC_MSGSEND = YES;
				ENABLE_TESTABILITY = YES;
				GCC_C_LANGUAGE_STANDARD = gnu11;
				GCC_DYNAMIC_NO_PIC = NO;
				GCC_NO_COMMON_BLOCKS = YES;
				GCC_OPTIMIZATION_LEVEL = 0;
				GCC_PREPROCESSOR_DEFINITIONS = (
					"DEBUG=1",
					"$(inherited)",
				);
				GCC_WARN_64_TO_32_BIT_CONVERSION = YES;
				GCC_WARN_ABOUT_RETURN_TYPE = YES_ERROR;
				GCC_WARN_UNDECLARED_SELECTOR = YES;
				GCC_WARN_UNINITIALIZED_AUTOS = YES_AGGRESSIVE;
				GCC_WARN_UNUSED_FUNCTION = YES;
				GCC_WARN_UNUSED_VARIABLE = YES;
				IPHONEOS_DEPLOYMENT_TARGET = 12.1;
				MTL_ENABLE_DEBUG_INFO = INCLUDE_SOURCE;
				MTL_FAST_MATH = YES;
				ONLY_ACTIVE_ARCH = YES;
				SDKROOT = iphoneos;
			};
			name = Debug;
		};
		1767402022F7FB8C009278B0 /* Release */ = {
			isa = XCBuildConfiguration;
			buildSettings = {
				ALWAYS_SEARCH_USER_PATHS = NO;
				CLANG_ANALYZER_NONNULL = YES;
				CLANG_ANALYZER_NUMBER_OBJECT_CONVERSION = YES_AGGRESSIVE;
				CLANG_CXX_LANGUAGE_STANDARD = "gnu++14";
				CLANG_CXX_LIBRARY = "libc++";
				CLANG_ENABLE_MODULES = YES;
				CLANG_ENABLE_OBJC_ARC = YES;
				CLANG_ENABLE_OBJC_WEAK = YES;
				CLANG_WARN_BLOCK_CAPTURE_AUTORELEASING = YES;
				CLANG_WARN_BOOL_CONVERSION = YES;
				CLANG_WARN_COMMA = YES;
				CLANG_WARN_CONSTANT_CONVERSION = YES;
				CLANG_WARN_DEPRECATED_OBJC_IMPLEMENTATIONS = YES;
				CLANG_WARN_DIRECT_OBJC_ISA_USAGE = YES_ERROR;
				CLANG_WARN_DOCUMENTATION_COMMENTS = YES;
				CLANG_WARN_EMPTY_BODY = YES;
				CLANG_WARN_ENUM_CONVERSION = YES;
				CLANG_WARN_INFINITE_RECURSION = YES;
				CLANG_WARN_INT_CONVERSION = YES;
				CLANG_WARN_NON_LITERAL_NULL_CONVERSION = YES;
				CLANG_WARN_OBJC_IMPLICIT_RETAIN_SELF = YES;
				CLANG_WARN_OBJC_LITERAL_CONVERSION = YES;
				CLANG_WARN_OBJC_ROOT_CLASS = YES_ERROR;
				CLANG_WARN_RANGE_LOOP_ANALYSIS = YES;
				CLANG_WARN_STRICT_PROTOTYPES = YES;
				CLANG_WARN_SUSPICIOUS_MOVE = YES;
				CLANG_WARN_UNGUARDED_AVAILABILITY = YES_AGGRESSIVE;
				CLANG_WARN_UNREACHABLE_CODE = YES;
				CLANG_WARN__DUPLICATE_METHOD_MATCH = YES;
				CODE_SIGN_IDENTITY = "iPhone Developer";
				COPY_PHASE_STRIP = NO;
				DEBUG_INFORMATION_FORMAT = "dwarf-with-dsym";
				ENABLE_NS_ASSERTIONS = NO;
				ENABLE_STRICT_OBJC_MSGSEND = YES;
				GCC_C_LANGUAGE_STANDARD = gnu11;
				GCC_NO_COMMON_BLOCKS = YES;
				GCC_WARN_64_TO_32_BIT_CONVERSION = YES;
				GCC_WARN_ABOUT_RETURN_TYPE = YES_ERROR;
				GCC_WARN_UNDECLARED_SELECTOR = YES;
				GCC_WARN_UNINITIALIZED_AUTOS = YES_AGGRESSIVE;
				GCC_WARN_UNUSED_FUNCTION = YES;
				GCC_WARN_UNUSED_VARIABLE = YES;
				IPHONEOS_DEPLOYMENT_TARGET = 12.1;
				MTL_ENABLE_DEBUG_INFO = NO;
				MTL_FAST_MATH = YES;
				SDKROOT = iphoneos;
				VALIDATE_PRODUCT = YES;
			};
			name = Release;
		};
		1767402222F7FB8C009278B0 /* Debug */ = {
			isa = XCBuildConfiguration;
			buildSettings = {
				ASSETCATALOG_COMPILER_APPICON_NAME = AppIcon;
				CODE_SIGN_STYLE = Automatic;
				INFOPLIST_FILE = MapKit_base/Info.plist;
				LD_RUNPATH_SEARCH_PATHS = (
					"$(inherited)",
					"@executable_path/Frameworks",
				);
				PRODUCT_BUNDLE_IDENTIFIER = "Shae.MapKit-base";
				PRODUCT_NAME = "$(TARGET_NAME)";
				TARGETED_DEVICE_FAMILY = "1,2";
			};
			name = Debug;
		};
		1767402322F7FB8C009278B0 /* Release */ = {
			isa = XCBuildConfiguration;
			buildSettings = {
				ASSETCATALOG_COMPILER_APPICON_NAME = AppIcon;
				CODE_SIGN_STYLE = Automatic;
				INFOPLIST_FILE = MapKit_base/Info.plist;
				LD_RUNPATH_SEARCH_PATHS = (
					"$(inherited)",
					"@executable_path/Frameworks",
				);
				PRODUCT_BUNDLE_IDENTIFIER = "Shae.MapKit-base";
				PRODUCT_NAME = "$(TARGET_NAME)";
				TARGETED_DEVICE_FAMILY = "1,2";
			};
			name = Release;
		};
		1767402522F7FB8C009278B0 /* Debug */ = {
			isa = XCBuildConfiguration;
			buildSettings = {
				BUNDLE_LOADER = "$(TEST_HOST)";
				CODE_SIGN_STYLE = Automatic;
				INFOPLIST_FILE = MapKit_baseTests/Info.plist;
				LD_RUNPATH_SEARCH_PATHS = (
					"$(inherited)",
					"@executable_path/Frameworks",
					"@loader_path/Frameworks",
				);
				PRODUCT_BUNDLE_IDENTIFIER = "Shae.MapKit-baseTests";
				PRODUCT_NAME = "$(TARGET_NAME)";
				TARGETED_DEVICE_FAMILY = "1,2";
				TEST_HOST = "$(BUILT_PRODUCTS_DIR)/MapKit_base.app/MapKit_base";
			};
			name = Debug;
		};
		1767402622F7FB8C009278B0 /* Release */ = {
			isa = XCBuildConfiguration;
			buildSettings = {
				BUNDLE_LOADER = "$(TEST_HOST)";
				CODE_SIGN_STYLE = Automatic;
				INFOPLIST_FILE = MapKit_baseTests/Info.plist;
				LD_RUNPATH_SEARCH_PATHS = (
					"$(inherited)",
					"@executable_path/Frameworks",
					"@loader_path/Frameworks",
				);
				PRODUCT_BUNDLE_IDENTIFIER = "Shae.MapKit-baseTests";
				PRODUCT_NAME = "$(TARGET_NAME)";
				TARGETED_DEVICE_FAMILY = "1,2";
				TEST_HOST = "$(BUILT_PRODUCTS_DIR)/MapKit_base.app/MapKit_base";
			};
			name = Release;
		};
		1767402822F7FB8C009278B0 /* Debug */ = {
			isa = XCBuildConfiguration;
			buildSettings = {
				CODE_SIGN_STYLE = Automatic;
				INFOPLIST_FILE = MapKit_baseUITests/Info.plist;
				LD_RUNPATH_SEARCH_PATHS = (
					"$(inherited)",
					"@executable_path/Frameworks",
					"@loader_path/Frameworks",
				);
				PRODUCT_BUNDLE_IDENTIFIER = "Shae.MapKit-baseUITests";
				PRODUCT_NAME = "$(TARGET_NAME)";
				TARGETED_DEVICE_FAMILY = "1,2";
				TEST_TARGET_NAME = MapKit_base;
			};
			name = Debug;
		};
		1767402922F7FB8C009278B0 /* Release */ = {
			isa = XCBuildConfiguration;
			buildSettings = {
				CODE_SIGN_STYLE = Automatic;
				INFOPLIST_FILE = MapKit_baseUITests/Info.plist;
				LD_RUNPATH_SEARCH_PATHS = (
					"$(inherited)",
					"@executable_path/Frameworks",
					"@loader_path/Frameworks",
				);
				PRODUCT_BUNDLE_IDENTIFIER = "Shae.MapKit-baseUITests";
				PRODUCT_NAME = "$(TARGET_NAME)";
				TARGETED_DEVICE_FAMILY = "1,2";
				TEST_TARGET_NAME = MapKit_base;
			};
			name = Release;
		};
/* End XCBuildConfiguration section */

/* Begin XCConfigurationList section */
		17673FF022F7FB8B009278B0 /* Build configuration list for PBXProject "MapKit_base" */ = {
			isa = XCConfigurationList;
			buildConfigurations = (
				1767401F22F7FB8C009278B0 /* Debug */,
				1767402022F7FB8C009278B0 /* Release */,
			);
			defaultConfigurationIsVisible = 0;
			defaultConfigurationName = Release;
		};
		1767402122F7FB8C009278B0 /* Build configuration list for PBXNativeTarget "MapKit_base" */ = {
			isa = XCConfigurationList;
			buildConfigurations = (
				1767402222F7FB8C009278B0 /* Debug */,
				1767402322F7FB8C009278B0 /* Release */,
			);
			defaultConfigurationIsVisible = 0;
			defaultConfigurationName = Release;
		};
		1767402422F7FB8C009278B0 /* Build configuration list for PBXNativeTarget "MapKit_baseTests" */ = {
			isa = XCConfigurationList;
			buildConfigurations = (
				1767402522F7FB8C009278B0 /* Debug */,
				1767402622F7FB8C009278B0 /* Release */,
			);
			defaultConfigurationIsVisible = 0;
			defaultConfigurationName = Release;
		};
		1767402722F7FB8C009278B0 /* Build configuration list for PBXNativeTarget "MapKit_baseUITests" */ = {
			isa = XCConfigurationList;
			buildConfigurations = (
				1767402822F7FB8C009278B0 /* Debug */,
				1767402922F7FB8C009278B0 /* Release */,
			);
			defaultConfigurationIsVisible = 0;
			defaultConfigurationName = Release;
		};
/* End XCConfigurationList section */
	};
	rootObject = 17673FED22F7FB8B009278B0 /* Project object */;
}
